
Microsoft Visual Studio Solution File, Format Version 12.00
# Visual Studio Version 16
VisualStudioVersion = 16.0.29519.87
MinimumVisualStudioVersion = 10.0.40219.1
Project("{9A19103F-16F7-4668-BE54-9A1E7A4F7556}") = "QueryForDapper.Postgres", "QueryForDapper.Postgres\QueryForDapper.Postgres.csproj", "{947B58CE-84C7-431E-94BD-4B3C384A5E76}"
EndProject
Project("{FAE04EC0-301F-11D3-BF4B-00C04F79EFBC}") = "Test", "Test\Test.csproj", "{1798B575-7815-496E-B0B5-A3CA2E3C357E}"
EndProject
Global
	GlobalSection(SolutionConfigurationPlatforms) = preSolution
		Debug|Any CPU = Debug|Any CPU
		Release|Any CPU = Release|Any CPU
	EndGlobalSection
	GlobalSection(ProjectConfigurationPlatforms) = postSolution
		{947B58CE-84C7-431E-94BD-4B3C384A5E76}.Debug|Any CPU.ActiveCfg = Debug|Any CPU
		{947B58CE-84C7-431E-94BD-4B3C384A5E76}.Debug|Any CPU.Build.0 = Debug|Any CPU
		{947B58CE-84C7-431E-94BD-4B3C384A5E76}.Release|Any CPU.ActiveCfg = Release|Any CPU
		{947B58CE-84C7-431E-94BD-4B3C384A5E76}.Release|Any CPU.Build.0 = Release|Any CPU
		{1798B575-7815-496E-B0B5-A3CA2E3C357E}.Debug|Any CPU.ActiveCfg = Debug|Any CPU
		{1798B575-7815-496E-B0B5-A3CA2E3C357E}.Debug|Any CPU.Build.0 = Debug|Any CPU
		{1798B575-7815-496E-B0B5-A3CA2E3C357E}.Release|Any CPU.ActiveCfg = Release|Any CPU
		{1798B575-7815-496E-B0B5-A3CA2E3C357E}.Release|Any CPU.Build.0 = Release|Any CPU
	EndGlobalSection
	GlobalSection(SolutionProperties) = preSolution
		HideSolutionNode = FALSE
	EndGlobalSection
	GlobalSection(ExtensibilityGlobals) = postSolution
		SolutionGuid = {3D099020-3D6D-4FBB-B3A4-D7710DC28926}
	EndGlobalSection
EndGlobal
